
Microsoft Visual Studio Solution File, Format Version 12.00
# Visual Studio Version 17
VisualStudioVersion = 17.3.32825.248
MinimumVisualStudioVersion = 10.0.40219.1
Project("{FAE04EC0-301F-11D3-BF4B-00C04F79EFBC}") = "DemoApp", "DemoApp\DemoApp.csproj", "{74CAD9AA-DEC6-4800-945E-F16DAD131CAD}"
EndProject
Project("{FAE04EC0-301F-11D3-BF4B-00C04F79EFBC}") = "UpDownNumericTextBox", "UpDownNumericTextBox\UpDownNumericTextBox.csproj", "{BF12CA2F-F54F-4429-90EB-A4C56F8074B0}"
EndProject
Global
	GlobalSection(SolutionConfigurationPlatforms) = preSolution
		Debug|Any CPU = Debug|Any CPU
		Release|Any CPU = Release|Any CPU
	EndGlobalSection
	GlobalSection(ProjectConfigurationPlatforms) = postSolution
		{74CAD9AA-DEC6-4800-945E-F16DAD131CAD}.Debug|Any CPU.ActiveCfg = Debug|Any CPU
		{74CAD9AA-DEC6-4800-945E-F16DAD131CAD}.Debug|Any CPU.Build.0 = Debug|Any CPU
		{74CAD9AA-DEC6-4800-945E-F16DAD131CAD}.Release|Any CPU.ActiveCfg = Release|Any CPU
		{74CAD9AA-DEC6-4800-945E-F16DAD131CAD}.Release|Any CPU.Build.0 = Release|Any CPU
		{BF12CA2F-F54F-4429-90EB-A4C56F8074B0}.Debug|Any CPU.ActiveCfg = Debug|Any CPU
		{BF12CA2F-F54F-4429-90EB-A4C56F8074B0}.Debug|Any CPU.Build.0 = Debug|Any CPU
		{BF12CA2F-F54F-4429-90EB-A4C56F8074B0}.Release|Any CPU.ActiveCfg = Release|Any CPU
		{BF12CA2F-F54F-4429-90EB-A4C56F8074B0}.Release|Any CPU.Build.0 = Release|Any CPU
	EndGlobalSection
	GlobalSection(SolutionProperties) = preSolution
		HideSolutionNode = FALSE
	EndGlobalSection
	GlobalSection(ExtensibilityGlobals) = postSolution
		SolutionGuid = {4F6CB8EA-9DDC-4134-95CF-8C3C41807053}
	EndGlobalSection
EndGlobal
